
Microsoft Visual Studio Solution File, Format Version 12.00
# Visual Studio Version 17
VisualStudioVersion = 17.0.31903.59
MinimumVisualStudioVersion = 10.0.40219.1
Project("{FAE04EC0-301F-11D3-BF4B-00C04F79EFBC}") = "PrimeService", "PrimeService\PrimeService.csproj", "{851AA6E7-4EAE-4776-9845-DA3218E53A54}"
EndProject
Project("{FAE04EC0-301F-11D3-BF4B-00C04F79EFBC}") = "PrimeService.Tests", "PrimeService.Tests\PrimeService.Tests.csproj", "{87001AA5-3851-4E4B-AE6C-51F3FEE8831D}"
EndProject
Global
	GlobalSection(SolutionConfigurationPlatforms) = preSolution
		Debug|Any CPU = Debug|Any CPU
		Release|Any CPU = Release|Any CPU
	EndGlobalSection
	GlobalSection(SolutionProperties) = preSolution
		HideSolutionNode = FALSE
	EndGlobalSection
	GlobalSection(ProjectConfigurationPlatforms) = postSolution
		{851AA6E7-4EAE-4776-9845-DA3218E53A54}.Debug|Any CPU.ActiveCfg = Debug|Any CPU
		{851AA6E7-4EAE-4776-9845-DA3218E53A54}.Debug|Any CPU.Build.0 = Debug|Any CPU
		{851AA6E7-4EAE-4776-9845-DA3218E53A54}.Release|Any CPU.ActiveCfg = Release|Any CPU
		{851AA6E7-4EAE-4776-9845-DA3218E53A54}.Release|Any CPU.Build.0 = Release|Any CPU
		{87001AA5-3851-4E4B-AE6C-51F3FEE8831D}.Debug|Any CPU.ActiveCfg = Debug|Any CPU
		{87001AA5-3851-4E4B-AE6C-51F3FEE8831D}.Debug|Any CPU.Build.0 = Debug|Any CPU
		{87001AA5-3851-4E4B-AE6C-51F3FEE8831D}.Release|Any CPU.ActiveCfg = Release|Any CPU
		{87001AA5-3851-4E4B-AE6C-51F3FEE8831D}.Release|Any CPU.Build.0 = Release|Any CPU
	EndGlobalSection
EndGlobal
